
Microsoft Visual Studio Solution File, Format Version 12.00
# Visual Studio Version 16
VisualStudioVersion = 16.0.31019.35
MinimumVisualStudioVersion = 10.0.40219.1
Project("{FAE04EC0-301F-11D3-BF4B-00C04F79EFBC}") = "ClaseEjemlo3", "ClaseEjemlo3\ClaseEjemlo3.csproj", "{EA339473-049D-4268-94AC-1E7A4A755320}"
EndProject
Global
	GlobalSection(SolutionConfigurationPlatforms) = preSolution
		Debug|Any CPU = Debug|Any CPU
		Release|Any CPU = Release|Any CPU
	EndGlobalSection
	GlobalSection(ProjectConfigurationPlatforms) = postSolution
		{EA339473-049D-4268-94AC-1E7A4A755320}.Debug|Any CPU.ActiveCfg = Debug|Any CPU
		{EA339473-049D-4268-94AC-1E7A4A755320}.Debug|Any CPU.Build.0 = Debug|Any CPU
		{EA339473-049D-4268-94AC-1E7A4A755320}.Release|Any CPU.ActiveCfg = Release|Any CPU
		{EA339473-049D-4268-94AC-1E7A4A755320}.Release|Any CPU.Build.0 = Release|Any CPU
	EndGlobalSection
	GlobalSection(SolutionProperties) = preSolution
		HideSolutionNode = FALSE
	EndGlobalSection
	GlobalSection(ExtensibilityGlobals) = postSolution
		SolutionGuid = {B4547B44-893D-422D-B104-59BADBB8B2F4}
	EndGlobalSection
EndGlobal
